{
  "requires": true,
  "lockfileVersion": 1,
  "dependencies": {
    "@soulmaers/ajs": {
      "version": "1.0.0",
      "resolved": "https://npm.pkg.github.com/download/@soulmaers/ajs/1.0.0/bbe580998e6c9e6bc7eba0f29e4db2f30979c4a09ad13f4c99d5139c7cd1b437",
      "integrity": "sha512-YGtG/dQ253Z4aK/eKunzHqO+083HF7WaIVCTs8QBRvUbIJvP11W0WS7hHCJGC/T8gEjVFET9DH6m+kHfO7Xz3A=="
    }
  },
  "scripts": {
    "start": "node src/index.js"
  }
}